
Microsoft Visual Studio Solution File, Format Version 12.00
# Visual Studio 15
VisualStudioVersion = 15.0.27703.2035
MinimumVisualStudioVersion = 10.0.40219.1
Project("{9A19103F-16F7-4668-BE54-9A1E7A4F7556}") = "MotionsberegnerApp", "FeetToMeter\MotionsberegnerApp.csproj", "{A63A7474-991A-40A2-B0C8-325B1A4498F1}"
EndProject
Project("{FAE04EC0-301F-11D3-BF4B-00C04F79EFBC}") = "Motionsberegner.Tests", "Motionsberegner.Tests\Motionsberegner.Tests.csproj", "{F444E5B8-62B3-435E-95C7-952E756D19D3}"
EndProject
Global
	GlobalSection(SolutionConfigurationPlatforms) = preSolution
		Debug|Any CPU = Debug|Any CPU
		Release|Any CPU = Release|Any CPU
	EndGlobalSection
	GlobalSection(ProjectConfigurationPlatforms) = postSolution
		{A63A7474-991A-40A2-B0C8-325B1A4498F1}.Debug|Any CPU.ActiveCfg = Debug|Any CPU
		{A63A7474-991A-40A2-B0C8-325B1A4498F1}.Debug|Any CPU.Build.0 = Debug|Any CPU
		{A63A7474-991A-40A2-B0C8-325B1A4498F1}.Release|Any CPU.ActiveCfg = Release|Any CPU
		{A63A7474-991A-40A2-B0C8-325B1A4498F1}.Release|Any CPU.Build.0 = Release|Any CPU
		{F444E5B8-62B3-435E-95C7-952E756D19D3}.Debug|Any CPU.ActiveCfg = Debug|Any CPU
		{F444E5B8-62B3-435E-95C7-952E756D19D3}.Debug|Any CPU.Build.0 = Debug|Any CPU
		{F444E5B8-62B3-435E-95C7-952E756D19D3}.Release|Any CPU.ActiveCfg = Release|Any CPU
		{F444E5B8-62B3-435E-95C7-952E756D19D3}.Release|Any CPU.Build.0 = Release|Any CPU
	EndGlobalSection
	GlobalSection(SolutionProperties) = preSolution
		HideSolutionNode = FALSE
	EndGlobalSection
	GlobalSection(ExtensibilityGlobals) = postSolution
		SolutionGuid = {75D68B61-FC52-4C63-9DE2-2310378CE5EC}
	EndGlobalSection
EndGlobal
